
Microsoft Visual Studio Solution File, Format Version 12.00
# Visual Studio Version 16
VisualStudioVersion = 16.0.31624.102
MinimumVisualStudioVersion = 10.0.40219.1
Project("{8BC9CEB8-8B4A-11D0-8D11-00A0C91BC942}") = "Practising", "Practising.vcxproj", "{F9524459-87BB-45BF-BE61-DF110027B198}"
EndProject
Global
	GlobalSection(SolutionConfigurationPlatforms) = preSolution
		Debug|x64 = Debug|x64
		Debug|x86 = Debug|x86
		Release|x64 = Release|x64
		Release|x86 = Release|x86
	EndGlobalSection
	GlobalSection(ProjectConfigurationPlatforms) = postSolution
		{F9524459-87BB-45BF-BE61-DF110027B198}.Debug|x64.ActiveCfg = Debug|x64
		{F9524459-87BB-45BF-BE61-DF110027B198}.Debug|x64.Build.0 = Debug|x64
		{F9524459-87BB-45BF-BE61-DF110027B198}.Debug|x86.ActiveCfg = Debug|Win32
		{F9524459-87BB-45BF-BE61-DF110027B198}.Debug|x86.Build.0 = Debug|Win32
		{F9524459-87BB-45BF-BE61-DF110027B198}.Release|x64.ActiveCfg = Release|x64
		{F9524459-87BB-45BF-BE61-DF110027B198}.Release|x64.Build.0 = Release|x64
		{F9524459-87BB-45BF-BE61-DF110027B198}.Release|x86.ActiveCfg = Release|Win32
		{F9524459-87BB-45BF-BE61-DF110027B198}.Release|x86.Build.0 = Release|Win32
	EndGlobalSection
	GlobalSection(SolutionProperties) = preSolution
		HideSolutionNode = FALSE
	EndGlobalSection
	GlobalSection(ExtensibilityGlobals) = postSolution
		SolutionGuid = {D2E41318-860B-4050-968E-C728885E2C8F}
	EndGlobalSection
EndGlobal
