
Microsoft Visual Studio Solution File, Format Version 12.00
# Visual Studio Version 16
VisualStudioVersion = 16.0.31624.102
MinimumVisualStudioVersion = 10.0.40219.1
Project("{8BC9CEB8-8B4A-11D0-8D11-00A0C91BC942}") = "IterationBasics", "IterationBasics.vcxproj", "{074FF0AA-D4C0-4FB9-8CAA-E41B8C10CFD9}"
EndProject
Global
	GlobalSection(SolutionConfigurationPlatforms) = preSolution
		Debug|x64 = Debug|x64
		Debug|x86 = Debug|x86
		Release|x64 = Release|x64
		Release|x86 = Release|x86
	EndGlobalSection
	GlobalSection(ProjectConfigurationPlatforms) = postSolution
		{074FF0AA-D4C0-4FB9-8CAA-E41B8C10CFD9}.Debug|x64.ActiveCfg = Debug|x64
		{074FF0AA-D4C0-4FB9-8CAA-E41B8C10CFD9}.Debug|x64.Build.0 = Debug|x64
		{074FF0AA-D4C0-4FB9-8CAA-E41B8C10CFD9}.Debug|x86.ActiveCfg = Debug|Win32
		{074FF0AA-D4C0-4FB9-8CAA-E41B8C10CFD9}.Debug|x86.Build.0 = Debug|Win32
		{074FF0AA-D4C0-4FB9-8CAA-E41B8C10CFD9}.Release|x64.ActiveCfg = Release|x64
		{074FF0AA-D4C0-4FB9-8CAA-E41B8C10CFD9}.Release|x64.Build.0 = Release|x64
		{074FF0AA-D4C0-4FB9-8CAA-E41B8C10CFD9}.Release|x86.ActiveCfg = Release|Win32
		{074FF0AA-D4C0-4FB9-8CAA-E41B8C10CFD9}.Release|x86.Build.0 = Release|Win32
	EndGlobalSection
	GlobalSection(SolutionProperties) = preSolution
		HideSolutionNode = FALSE
	EndGlobalSection
	GlobalSection(ExtensibilityGlobals) = postSolution
		SolutionGuid = {862FB289-5BB1-47F8-AAA3-2E27F289A8AA}
	EndGlobalSection
EndGlobal
