
Microsoft Visual Studio Solution File, Format Version 12.00
# Visual Studio Version 16
VisualStudioVersion = 16.0.31624.102
MinimumVisualStudioVersion = 10.0.40219.1
Project("{8BC9CEB8-8B4A-11D0-8D11-00A0C91BC942}") = "MatchesGame", "MatchesGame.vcxproj", "{D118904E-1384-4FDA-BA6F-5CD3ED40AD2A}"
EndProject
Global
	GlobalSection(SolutionConfigurationPlatforms) = preSolution
		Debug|x64 = Debug|x64
		Debug|x86 = Debug|x86
		Release|x64 = Release|x64
		Release|x86 = Release|x86
	EndGlobalSection
	GlobalSection(ProjectConfigurationPlatforms) = postSolution
		{D118904E-1384-4FDA-BA6F-5CD3ED40AD2A}.Debug|x64.ActiveCfg = Debug|x64
		{D118904E-1384-4FDA-BA6F-5CD3ED40AD2A}.Debug|x64.Build.0 = Debug|x64
		{D118904E-1384-4FDA-BA6F-5CD3ED40AD2A}.Debug|x86.ActiveCfg = Debug|Win32
		{D118904E-1384-4FDA-BA6F-5CD3ED40AD2A}.Debug|x86.Build.0 = Debug|Win32
		{D118904E-1384-4FDA-BA6F-5CD3ED40AD2A}.Release|x64.ActiveCfg = Release|x64
		{D118904E-1384-4FDA-BA6F-5CD3ED40AD2A}.Release|x64.Build.0 = Release|x64
		{D118904E-1384-4FDA-BA6F-5CD3ED40AD2A}.Release|x86.ActiveCfg = Release|Win32
		{D118904E-1384-4FDA-BA6F-5CD3ED40AD2A}.Release|x86.Build.0 = Release|Win32
	EndGlobalSection
	GlobalSection(SolutionProperties) = preSolution
		HideSolutionNode = FALSE
	EndGlobalSection
	GlobalSection(ExtensibilityGlobals) = postSolution
		SolutionGuid = {DEB4E80C-1EA0-4469-926B-606379D24128}
	EndGlobalSection
EndGlobal
