
Microsoft Visual Studio Solution File, Format Version 12.00
# Visual Studio Version 16
VisualStudioVersion = 16.0.31624.102
MinimumVisualStudioVersion = 10.0.40219.1
Project("{8BC9CEB8-8B4A-11D0-8D11-00A0C91BC942}") = "GameFunctions", "GameFunctions.vcxproj", "{08AB8EAD-3C4E-43A5-AF71-A0E22A20A80F}"
EndProject
Global
	GlobalSection(SolutionConfigurationPlatforms) = preSolution
		Debug|x64 = Debug|x64
		Debug|x86 = Debug|x86
		Release|x64 = Release|x64
		Release|x86 = Release|x86
	EndGlobalSection
	GlobalSection(ProjectConfigurationPlatforms) = postSolution
		{08AB8EAD-3C4E-43A5-AF71-A0E22A20A80F}.Debug|x64.ActiveCfg = Debug|x64
		{08AB8EAD-3C4E-43A5-AF71-A0E22A20A80F}.Debug|x64.Build.0 = Debug|x64
		{08AB8EAD-3C4E-43A5-AF71-A0E22A20A80F}.Debug|x86.ActiveCfg = Debug|Win32
		{08AB8EAD-3C4E-43A5-AF71-A0E22A20A80F}.Debug|x86.Build.0 = Debug|Win32
		{08AB8EAD-3C4E-43A5-AF71-A0E22A20A80F}.Release|x64.ActiveCfg = Release|x64
		{08AB8EAD-3C4E-43A5-AF71-A0E22A20A80F}.Release|x64.Build.0 = Release|x64
		{08AB8EAD-3C4E-43A5-AF71-A0E22A20A80F}.Release|x86.ActiveCfg = Release|Win32
		{08AB8EAD-3C4E-43A5-AF71-A0E22A20A80F}.Release|x86.Build.0 = Release|Win32
	EndGlobalSection
	GlobalSection(SolutionProperties) = preSolution
		HideSolutionNode = FALSE
	EndGlobalSection
	GlobalSection(ExtensibilityGlobals) = postSolution
		SolutionGuid = {25053A8D-AA70-42F9-89B1-F76C15143C60}
	EndGlobalSection
EndGlobal
